
Microsoft Visual Studio Solution File, Format Version 11.00
# Visual Studio 2010
Project("{FAE04EC0-301F-11D3-BF4B-00C04F79EFBC}") = "LDEngine.Linux", "LDEngine\LDEngine\LDEngine.Linux.csproj", "{ACD38123-2E1B-4A41-BD1C-5BC5F9AE2D74}"
EndProject
Project("{FAE04EC0-301F-11D3-BF4B-00C04F79EFBC}") = "TiledLib.Linux", "LDEngine\TiledLib\TiledLib.Linux.csproj", "{43E57147-8C31-48F8-8C54-F090BF9D715B}"
EndProject
Project("{2150E333-8FDC-42A3-9474-1A3956D46DE8}") = "ThirdParty", "ThirdParty", "{9A203BAA-50B6-42A2-ABDA-F28C9129E95D}"
EndProject
Project("{FAE04EC0-301F-11D3-BF4B-00C04F79EFBC}") = "MonoGame.Framework.SDL2", "ThirdParty\MonoGame-SDL2\MonoGame.Framework\MonoGame.Framework.SDL2.csproj", "{35253CE1-C864-4CD3-8249-4D1319748E8F}"
EndProject
Project("{FAE04EC0-301F-11D3-BF4B-00C04F79EFBC}") = "TheoraPlay-CS", "ThirdParty\MonoGame-SDL2\ThirdParty\TheoraPlay#\TheoraPlay-CS.csproj", "{47CF0C2E-3710-4188-BB11-30D248B2B5FB}"
EndProject
Project("{FAE04EC0-301F-11D3-BF4B-00C04F79EFBC}") = "Lidgren.Network.SDL2", "ThirdParty\MonoGame-SDL2\ThirdParty\Lidgren.Network\Lidgren.Network.SDL2.csproj", "{AE483C29-042E-4226-BA52-D247CE7676DA}"
EndProject
Project("{FAE04EC0-301F-11D3-BF4B-00C04F79EFBC}") = "SDL2-CS", "ThirdParty\MonoGame-SDL2\ThirdParty\SDL2#\SDL2-CS.csproj", "{85480198-8711-4355-830E-72FD794AD3F6}"
EndProject
Project("{FAE04EC0-301F-11D3-BF4B-00C04F79EFBC}") = "TiledSharp", "ThirdParty\TiledSharp\TiledSharp\TiledSharp.csproj", "{E4130F8D-D301-4E0C-916D-489C4A23C9B1}"
EndProject
Global
	GlobalSection(SolutionConfigurationPlatforms) = preSolution
		Debug|Any CPU = Debug|Any CPU
		Debug|Mixed Platforms = Debug|Mixed Platforms
		Debug|x86 = Debug|x86
		Release|Any CPU = Release|Any CPU
		Release|Mixed Platforms = Release|Mixed Platforms
		Release|x86 = Release|x86
		Debug|x64 = Debug|x64
		Release|x64 = Release|x64
	EndGlobalSection
	GlobalSection(ProjectConfigurationPlatforms) = postSolution
		{35253CE1-C864-4CD3-8249-4D1319748E8F}.Debug|Any CPU.ActiveCfg = Debug|x86
		{35253CE1-C864-4CD3-8249-4D1319748E8F}.Debug|Any CPU.Build.0 = Debug|x86
		{35253CE1-C864-4CD3-8249-4D1319748E8F}.Debug|Mixed Platforms.ActiveCfg = Debug|x86
		{35253CE1-C864-4CD3-8249-4D1319748E8F}.Debug|Mixed Platforms.Build.0 = Debug|x86
		{35253CE1-C864-4CD3-8249-4D1319748E8F}.Debug|x64.ActiveCfg = Debug|x86
		{35253CE1-C864-4CD3-8249-4D1319748E8F}.Debug|x64.Build.0 = Debug|x86
		{35253CE1-C864-4CD3-8249-4D1319748E8F}.Debug|x86.ActiveCfg = Debug|x86
		{35253CE1-C864-4CD3-8249-4D1319748E8F}.Debug|x86.Build.0 = Debug|x86
		{35253CE1-C864-4CD3-8249-4D1319748E8F}.Release|Any CPU.ActiveCfg = Release|x86
		{35253CE1-C864-4CD3-8249-4D1319748E8F}.Release|Any CPU.Build.0 = Release|x86
		{35253CE1-C864-4CD3-8249-4D1319748E8F}.Release|Mixed Platforms.ActiveCfg = Release|x86
		{35253CE1-C864-4CD3-8249-4D1319748E8F}.Release|Mixed Platforms.Build.0 = Release|x86
		{35253CE1-C864-4CD3-8249-4D1319748E8F}.Release|x64.ActiveCfg = Release|x86
		{35253CE1-C864-4CD3-8249-4D1319748E8F}.Release|x64.Build.0 = Release|x86
		{35253CE1-C864-4CD3-8249-4D1319748E8F}.Release|x86.ActiveCfg = Release|x86
		{35253CE1-C864-4CD3-8249-4D1319748E8F}.Release|x86.Build.0 = Release|x86
		{43E57147-8C31-48F8-8C54-F090BF9D715B}.Debug|Any CPU.ActiveCfg = Debug|x86
		{43E57147-8C31-48F8-8C54-F090BF9D715B}.Debug|Mixed Platforms.ActiveCfg = Debug|x86
		{43E57147-8C31-48F8-8C54-F090BF9D715B}.Debug|Mixed Platforms.Build.0 = Debug|x86
		{43E57147-8C31-48F8-8C54-F090BF9D715B}.Debug|x64.ActiveCfg = Debug|x86
		{43E57147-8C31-48F8-8C54-F090BF9D715B}.Debug|x64.Build.0 = Debug|x86
		{43E57147-8C31-48F8-8C54-F090BF9D715B}.Debug|x86.ActiveCfg = Debug|x86
		{43E57147-8C31-48F8-8C54-F090BF9D715B}.Debug|x86.Build.0 = Debug|x86
		{43E57147-8C31-48F8-8C54-F090BF9D715B}.Release|Any CPU.ActiveCfg = Release|x86
		{43E57147-8C31-48F8-8C54-F090BF9D715B}.Release|Mixed Platforms.ActiveCfg = Release|x86
		{43E57147-8C31-48F8-8C54-F090BF9D715B}.Release|Mixed Platforms.Build.0 = Release|x86
		{43E57147-8C31-48F8-8C54-F090BF9D715B}.Release|x64.ActiveCfg = Release|x86
		{43E57147-8C31-48F8-8C54-F090BF9D715B}.Release|x64.Build.0 = Release|x86
		{43E57147-8C31-48F8-8C54-F090BF9D715B}.Release|x86.ActiveCfg = Release|x86
		{43E57147-8C31-48F8-8C54-F090BF9D715B}.Release|x86.Build.0 = Release|x86
		{47CF0C2E-3710-4188-BB11-30D248B2B5FB}.Debug|Any CPU.ActiveCfg = Debug|x86
		{47CF0C2E-3710-4188-BB11-30D248B2B5FB}.Debug|Any CPU.Build.0 = Debug|x86
		{47CF0C2E-3710-4188-BB11-30D248B2B5FB}.Debug|Mixed Platforms.ActiveCfg = Debug|x86
		{47CF0C2E-3710-4188-BB11-30D248B2B5FB}.Debug|Mixed Platforms.Build.0 = Debug|x86
		{47CF0C2E-3710-4188-BB11-30D248B2B5FB}.Debug|x64.ActiveCfg = Debug|x86
		{47CF0C2E-3710-4188-BB11-30D248B2B5FB}.Debug|x64.Build.0 = Debug|x86
		{47CF0C2E-3710-4188-BB11-30D248B2B5FB}.Debug|x86.ActiveCfg = Debug|x86
		{47CF0C2E-3710-4188-BB11-30D248B2B5FB}.Debug|x86.Build.0 = Debug|x86
		{47CF0C2E-3710-4188-BB11-30D248B2B5FB}.Release|Any CPU.ActiveCfg = Release|x86
		{47CF0C2E-3710-4188-BB11-30D248B2B5FB}.Release|Any CPU.Build.0 = Release|x86
		{47CF0C2E-3710-4188-BB11-30D248B2B5FB}.Release|Mixed Platforms.ActiveCfg = Release|x86
		{47CF0C2E-3710-4188-BB11-30D248B2B5FB}.Release|Mixed Platforms.Build.0 = Release|x86
		{47CF0C2E-3710-4188-BB11-30D248B2B5FB}.Release|x64.ActiveCfg = Release|x86
		{47CF0C2E-3710-4188-BB11-30D248B2B5FB}.Release|x64.Build.0 = Release|x86
		{47CF0C2E-3710-4188-BB11-30D248B2B5FB}.Release|x86.ActiveCfg = Release|x86
		{47CF0C2E-3710-4188-BB11-30D248B2B5FB}.Release|x86.Build.0 = Release|x86
		{85480198-8711-4355-830E-72FD794AD3F6}.Debug|Any CPU.ActiveCfg = Debug|Any CPU
		{85480198-8711-4355-830E-72FD794AD3F6}.Debug|Any CPU.Build.0 = Debug|Any CPU
		{85480198-8711-4355-830E-72FD794AD3F6}.Debug|Mixed Platforms.ActiveCfg = Debug|Any CPU
		{85480198-8711-4355-830E-72FD794AD3F6}.Debug|Mixed Platforms.Build.0 = Debug|Any CPU
		{85480198-8711-4355-830E-72FD794AD3F6}.Debug|x64.ActiveCfg = Debug|x64
		{85480198-8711-4355-830E-72FD794AD3F6}.Debug|x64.Build.0 = Debug|x64
		{85480198-8711-4355-830E-72FD794AD3F6}.Debug|x86.ActiveCfg = Debug|x86
		{85480198-8711-4355-830E-72FD794AD3F6}.Debug|x86.Build.0 = Debug|x86
		{85480198-8711-4355-830E-72FD794AD3F6}.Release|Any CPU.ActiveCfg = Release|Any CPU
		{85480198-8711-4355-830E-72FD794AD3F6}.Release|Any CPU.Build.0 = Release|Any CPU
		{85480198-8711-4355-830E-72FD794AD3F6}.Release|Mixed Platforms.ActiveCfg = Release|Any CPU
		{85480198-8711-4355-830E-72FD794AD3F6}.Release|Mixed Platforms.Build.0 = Release|Any CPU
		{85480198-8711-4355-830E-72FD794AD3F6}.Release|x64.ActiveCfg = Release|x64
		{85480198-8711-4355-830E-72FD794AD3F6}.Release|x64.Build.0 = Release|x64
		{85480198-8711-4355-830E-72FD794AD3F6}.Release|x86.ActiveCfg = Release|x86
		{85480198-8711-4355-830E-72FD794AD3F6}.Release|x86.Build.0 = Release|x86
		{ACD38123-2E1B-4A41-BD1C-5BC5F9AE2D74}.Debug|Any CPU.ActiveCfg = Debug|x86
		{ACD38123-2E1B-4A41-BD1C-5BC5F9AE2D74}.Debug|Mixed Platforms.ActiveCfg = Debug|x86
		{ACD38123-2E1B-4A41-BD1C-5BC5F9AE2D74}.Debug|Mixed Platforms.Build.0 = Debug|x86
		{ACD38123-2E1B-4A41-BD1C-5BC5F9AE2D74}.Debug|x64.ActiveCfg = Debug|x86
		{ACD38123-2E1B-4A41-BD1C-5BC5F9AE2D74}.Debug|x64.Build.0 = Debug|x86
		{ACD38123-2E1B-4A41-BD1C-5BC5F9AE2D74}.Debug|x86.ActiveCfg = Debug|x86
		{ACD38123-2E1B-4A41-BD1C-5BC5F9AE2D74}.Debug|x86.Build.0 = Debug|x86
		{ACD38123-2E1B-4A41-BD1C-5BC5F9AE2D74}.Release|Any CPU.ActiveCfg = Release|x86
		{ACD38123-2E1B-4A41-BD1C-5BC5F9AE2D74}.Release|Mixed Platforms.ActiveCfg = Release|x86
		{ACD38123-2E1B-4A41-BD1C-5BC5F9AE2D74}.Release|Mixed Platforms.Build.0 = Release|x86
		{ACD38123-2E1B-4A41-BD1C-5BC5F9AE2D74}.Release|x64.ActiveCfg = Release|x86
		{ACD38123-2E1B-4A41-BD1C-5BC5F9AE2D74}.Release|x64.Build.0 = Release|x86
		{ACD38123-2E1B-4A41-BD1C-5BC5F9AE2D74}.Release|x86.ActiveCfg = Release|x86
		{ACD38123-2E1B-4A41-BD1C-5BC5F9AE2D74}.Release|x86.Build.0 = Release|x86
		{AE483C29-042E-4226-BA52-D247CE7676DA}.Debug|Any CPU.ActiveCfg = Debug|Any CPU
		{AE483C29-042E-4226-BA52-D247CE7676DA}.Debug|Any CPU.Build.0 = Debug|Any CPU
		{AE483C29-042E-4226-BA52-D247CE7676DA}.Debug|Mixed Platforms.ActiveCfg = Debug|Any CPU
		{AE483C29-042E-4226-BA52-D247CE7676DA}.Debug|Mixed Platforms.Build.0 = Debug|Any CPU
		{AE483C29-042E-4226-BA52-D247CE7676DA}.Debug|x64.ActiveCfg = Debug|Any CPU
		{AE483C29-042E-4226-BA52-D247CE7676DA}.Debug|x64.Build.0 = Debug|Any CPU
		{AE483C29-042E-4226-BA52-D247CE7676DA}.Debug|x86.ActiveCfg = Debug|Any CPU
		{AE483C29-042E-4226-BA52-D247CE7676DA}.Debug|x86.Build.0 = Debug|Any CPU
		{AE483C29-042E-4226-BA52-D247CE7676DA}.Release|Any CPU.ActiveCfg = Release|Any CPU
		{AE483C29-042E-4226-BA52-D247CE7676DA}.Release|Any CPU.Build.0 = Release|Any CPU
		{AE483C29-042E-4226-BA52-D247CE7676DA}.Release|Mixed Platforms.ActiveCfg = Release|Any CPU
		{AE483C29-042E-4226-BA52-D247CE7676DA}.Release|Mixed Platforms.Build.0 = Release|Any CPU
		{AE483C29-042E-4226-BA52-D247CE7676DA}.Release|x64.ActiveCfg = Release|Any CPU
		{AE483C29-042E-4226-BA52-D247CE7676DA}.Release|x64.Build.0 = Release|Any CPU
		{AE483C29-042E-4226-BA52-D247CE7676DA}.Release|x86.ActiveCfg = Release|Any CPU
		{AE483C29-042E-4226-BA52-D247CE7676DA}.Release|x86.Build.0 = Release|Any CPU
		{E4130F8D-D301-4E0C-916D-489C4A23C9B1}.Debug|Any CPU.ActiveCfg = Debug|Any CPU
		{E4130F8D-D301-4E0C-916D-489C4A23C9B1}.Debug|Any CPU.Build.0 = Debug|Any CPU
		{E4130F8D-D301-4E0C-916D-489C4A23C9B1}.Debug|Mixed Platforms.ActiveCfg = Debug|Any CPU
		{E4130F8D-D301-4E0C-916D-489C4A23C9B1}.Debug|Mixed Platforms.Build.0 = Debug|Any CPU
		{E4130F8D-D301-4E0C-916D-489C4A23C9B1}.Debug|x64.ActiveCfg = Debug|Any CPU
		{E4130F8D-D301-4E0C-916D-489C4A23C9B1}.Debug|x64.Build.0 = Debug|Any CPU
		{E4130F8D-D301-4E0C-916D-489C4A23C9B1}.Debug|x86.ActiveCfg = Debug|Any CPU
		{E4130F8D-D301-4E0C-916D-489C4A23C9B1}.Debug|x86.Build.0 = Debug|Any CPU
		{E4130F8D-D301-4E0C-916D-489C4A23C9B1}.Release|Any CPU.ActiveCfg = Release|Any CPU
		{E4130F8D-D301-4E0C-916D-489C4A23C9B1}.Release|Any CPU.Build.0 = Release|Any CPU
		{E4130F8D-D301-4E0C-916D-489C4A23C9B1}.Release|Mixed Platforms.ActiveCfg = Release|Any CPU
		{E4130F8D-D301-4E0C-916D-489C4A23C9B1}.Release|Mixed Platforms.Build.0 = Release|Any CPU
		{E4130F8D-D301-4E0C-916D-489C4A23C9B1}.Release|x64.ActiveCfg = Release|Any CPU
		{E4130F8D-D301-4E0C-916D-489C4A23C9B1}.Release|x64.Build.0 = Release|Any CPU
		{E4130F8D-D301-4E0C-916D-489C4A23C9B1}.Release|x86.ActiveCfg = Release|Any CPU
		{E4130F8D-D301-4E0C-916D-489C4A23C9B1}.Release|x86.Build.0 = Release|Any CPU
	EndGlobalSection
	GlobalSection(NestedProjects) = preSolution
		{35253CE1-C864-4CD3-8249-4D1319748E8F} = {9A203BAA-50B6-42A2-ABDA-F28C9129E95D}
		{47CF0C2E-3710-4188-BB11-30D248B2B5FB} = {9A203BAA-50B6-42A2-ABDA-F28C9129E95D}
		{AE483C29-042E-4226-BA52-D247CE7676DA} = {9A203BAA-50B6-42A2-ABDA-F28C9129E95D}
		{85480198-8711-4355-830E-72FD794AD3F6} = {9A203BAA-50B6-42A2-ABDA-F28C9129E95D}
		{E4130F8D-D301-4E0C-916D-489C4A23C9B1} = {9A203BAA-50B6-42A2-ABDA-F28C9129E95D}
	EndGlobalSection
	GlobalSection(MonoDevelopProperties) = preSolution
		StartupItem = LDEngine\LDEngine\LDEngine.Linux.csproj
	EndGlobalSection
	GlobalSection(SolutionProperties) = preSolution
		HideSolutionNode = FALSE
	EndGlobalSection
EndGlobal
